Microsoft Visual Studio Solution File, Format Version 12.00
# Visual Studio Version 17
VisualStudioVersion = 17.13.35931.197
MinimumVisualStudioVersion = 10.0.40219.1
Project("{FAE04EC0-301F-11D3-BF4B-00C04F79EFBC}") = "AspireDemo.AppHost", "AspireDemo.AppHost\AspireDemo.AppHost.csproj", "{38C952EE-8610-47ED-B4BF-B4CCD9963925}"
EndProject
Project("{FAE04EC0-301F-11D3-BF4B-00C04F79EFBC}") = "AspireDemo.ServiceDefaults", "AspireDemo.ServiceDefaults\AspireDemo.ServiceDefaults.csproj", "{5E26A01B-D67C-2C87-368F-520FA740B4BB}"
EndProject
Project("{FAE04EC0-301F-11D3-BF4B-00C04F79EFBC}") = "AspireDemo.ApiService", "AspireDemo.ApiService\AspireDemo.ApiService.csproj", "{386FCEEF-4055-F443-50E6-7B92E876244C}"
EndProject
Project("{FAE04EC0-301F-11D3-BF4B-00C04F79EFBC}") = "AspireDemo.Web", "AspireDemo.Web\AspireDemo.Web.csproj", "{1F12203E-CED4-664E-6BF2-F77254CDA2A6}"
EndProject
Project("{2150E333-8FDC-42A3-9474-1A3956D46DE8}") = ".azdo", ".azdo", "{02EA681E-C7D8-13C7-8484-4AC65E1B71E8}"
EndProject
Project("{2150E333-8FDC-42A3-9474-1A3956D46DE8}") = "pipelines", "pipelines", "{30268373-1528-4ED7-BAB5-4E987F908137}"
	ProjectSection(SolutionItems) = preProject
		.azdo\pipelines\azure-dev.yml = .azdo\pipelines\azure-dev.yml
	EndProjectSection
EndProject
Project("{2150E333-8FDC-42A3-9474-1A3956D46DE8}") = "docs", "docs", "{999834BA-79B1-457A-8B31-0CDA1F6860FE}"
	ProjectSection(SolutionItems) = preProject
		next-steps.md = next-steps.md
		readme.md = readme.md
	EndProjectSection
EndProject
Project("{2150E333-8FDC-42A3-9474-1A3956D46DE8}") = "infra", "infra", "{A000745A-222D-483C-A108-6C627AEE70BE}"
	ProjectSection(SolutionItems) = preProject
		infra\main.bicep = infra\main.bicep
		infra\main.parameters.json = infra\main.parameters.json
		infra\resources.bicep = infra\resources.bicep
	EndProjectSection
EndProject
Project("{2150E333-8FDC-42A3-9474-1A3956D46DE8}") = "images", "images", "{84C194AD-0EEF-410E-8CD0-364F1338F597}"
	ProjectSection(SolutionItems) = preProject
		images\AspireDemo-ChatPlayground.gif = images\AspireDemo-ChatPlayground.gif
	EndProjectSection
EndProject
Global
	GlobalSection(SolutionConfigurationPlatforms) = preSolution
		Debug|Any CPU = Debug|Any CPU
		Release|Any CPU = Release|Any CPU
	EndGlobalSection
	GlobalSection(ProjectConfigurationPlatforms) = postSolution
		{38C952EE-8610-47ED-B4BF-B4CCD9963925}.Debug|Any CPU.ActiveCfg = Debug|Any CPU
		{38C952EE-8610-47ED-B4BF-B4CCD9963925}.Debug|Any CPU.Build.0 = Debug|Any CPU
		{38C952EE-8610-47ED-B4BF-B4CCD9963925}.Release|Any CPU.ActiveCfg = Release|Any CPU
		{38C952EE-8610-47ED-B4BF-B4CCD9963925}.Release|Any CPU.Build.0 = Release|Any CPU
		{5E26A01B-D67C-2C87-368F-520FA740B4BB}.Debug|Any CPU.ActiveCfg = Debug|Any CPU
		{5E26A01B-D67C-2C87-368F-520FA740B4BB}.Debug|Any CPU.Build.0 = Debug|Any CPU
		{5E26A01B-D67C-2C87-368F-520FA740B4BB}.Release|Any CPU.ActiveCfg = Release|Any CPU
		{5E26A01B-D67C-2C87-368F-520FA740B4BB}.Release|Any CPU.Build.0 = Release|Any CPU
		{386FCEEF-4055-F443-50E6-7B92E876244C}.Debug|Any CPU.ActiveCfg = Debug|Any CPU
		{386FCEEF-4055-F443-50E6-7B92E876244C}.Debug|Any CPU.Build.0 = Debug|Any CPU
		{386FCEEF-4055-F443-50E6-7B92E876244C}.Release|Any CPU.ActiveCfg = Release|Any CPU
		{386FCEEF-4055-F443-50E6-7B92E876244C}.Release|Any CPU.Build.0 = Release|Any CPU
		{1F12203E-CED4-664E-6BF2-F77254CDA2A6}.Debug|Any CPU.ActiveCfg = Debug|Any CPU
		{1F12203E-CED4-664E-6BF2-F77254CDA2A6}.Debug|Any CPU.Build.0 = Debug|Any CPU
		{1F12203E-CED4-664E-6BF2-F77254CDA2A6}.Release|Any CPU.ActiveCfg = Release|Any CPU
		{1F12203E-CED4-664E-6BF2-F77254CDA2A6}.Release|Any CPU.Build.0 = Release|Any CPU
	EndGlobalSection
	GlobalSection(SolutionProperties) = preSolution
		HideSolutionNode = FALSE
	EndGlobalSection
	GlobalSection(NestedProjects) = preSolution
		{30268373-1528-4ED7-BAB5-4E987F908137} = {02EA681E-C7D8-13C7-8484-4AC65E1B71E8}
	EndGlobalSection
	GlobalSection(ExtensibilityGlobals) = postSolution
		SolutionGuid = {D7EFA5F9-8E97-4368-964D-FFD7D80AD9B3}
	EndGlobalSection
EndGlobal
